// !$*UTF8*$!
{
	archiveVersion = 1;
	classes = {
	};
	objectVersion = 46;
	objects = {

/* Begin PBXBuildFile section */
		122B65A31B4C3B4800519897 /* AppDelegate.swift in Sources */ = {isa = PBXBuildFile; fileRef = 122B65A21B4C3B4800519897 /* AppDelegate.swift */; };
		122B65A61B4C3B4800519897 /* sizeClassTest.xcdatamodeld in Sources */ = {isa = PBXBuildFile; fileRef = 122B65A41B4C3B4800519897 /* sizeClassTest.xcdatamodeld */; };
		122B65A81B4C3B4800519897 /* ViewController.swift in Sources */ = {isa = PBXBuildFile; fileRef = 122B65A71B4C3B4800519897 /* ViewController.swift */; };
		122B65AB1B4C3B4800519897 /* Main.storyboard in Resources */ = {isa = PBXBuildFile; fileRef = 122B65A91B4C3B4800519897 /* Main.storyboard */; };
		122B65AD1B4C3B4800519897 /* Images.xcassets in Resources */ = {isa = PBXBuildFile; fileRef = 122B65AC1B4C3B4800519897 /* Images.xcassets */; };
		122B65B01B4C3B4800519897 /* LaunchScreen.xib in Resources */ = {isa = PBXBuildFile; fileRef = 122B65AE1B4C3B4800519897 /* LaunchScreen.xib */; };
		122B65BC1B4C3B4800519897 /* sizeClassTestTests.swift in Sources */ = {isa = PBXBuildFile; fileRef = 122B65BB1B4C3B4800519897 /* sizeClassTestTests.swift */; };
/* End PBXBuildFile section */

/* Begin PBXContainerItemProxy section */
		122B65B61B4C3B4800519897 /* PBXContainerItemProxy */ = {
			isa = PBXContainerItemProxy;
			containerPortal = 122B65951B4C3B4800519897 /* Project object */;
			proxyType = 1;
			remoteGlobalIDString = 122B659C1B4C3B4800519897;
			remoteInfo = sizeClassTest;
		};
/* End PBXContainerItemProxy section */

/* Begin PBXFileReference section */
		122B659D1B4C3B4800519897 /* sizeClassTest.app */ = {isa = PBXFileReference; explicitFileType = wrapper.application; includeInIndex = 0; path = sizeClassTest.app; sourceTree = BUILT_PRODUCTS_DIR; };
		122B65A11B4C3B4800519897 /* Info.plist */ = {isa = PBXFileReference; lastKnownFileType = text.plist.xml; path = Info.plist; sourceTree = "<group>"; };
		122B65A21B4C3B4800519897 /* AppDelegate.swift */ = {isa = PBXFileReference; lastKnownFileType = sourcecode.swift; path = AppDelegate.swift; sourceTree = "<group>"; };
		122B65A51B4C3B4800519897 /* sizeClassTest.xcdatamodel */ = {isa = PBXFileReference; lastKnownFileType = wrapper.xcdatamodel; path = sizeClassTest.xcdatamodel; sourceTree = "<group>"; };
		122B65A71B4C3B4800519897 /* ViewController.swift */ = {isa = PBXFileReference; lastKnownFileType = sourcecode.swift; path = ViewController.swift; sourceTree = "<group>"; };
		122B65AA1B4C3B4800519897 /* Base */ = {isa = PBXFileReference; lastKnownFileType = file.storyboard; name = Base; path = Base.lproj/Main.storyboard; sourceTree = "<group>"; };
		122B65AC1B4C3B4800519897 /* Images.xcassets */ = {isa = PBXFileReference; lastKnownFileType = folder.assetcatalog; path = Images.xcassets; sourceTree = "<group>"; };
		122B65AF1B4C3B4800519897 /* Base */ = {isa = PBXFileReference; lastKnownFileType = file.xib; name = Base; path = Base.lproj/LaunchScreen.xib; sourceTree = "<group>"; };
		122B65B51B4C3B4800519897 /* sizeClassTestTests.xctest */ = {isa = PBXFileReference; explicitFileType = wrapper.cfbundle; includeInIndex = 0; path = sizeClassTestTests.xctest; sourceTree = BUILT_PRODUCTS_DIR; };
		122B65BA1B4C3B4800519897 /* Info.plist */ = {isa = PBXFileReference; lastKnownFileType = text.plist.xml; path = Info.plist; sourceTree = "<group>"; };
		122B65BB1B4C3B4800519897 /* sizeClassTestTests.swift */ = {isa = PBXFileReference; lastKnownFileType = sourcecode.swift; path = sizeClassTestTests.swift; sourceTree = "<group>"; };
/* End PBXFileReference section */

/* Begin PBXFrameworksBuildPhase section */
		122B659A1B4C3B4800519897 /* Frameworks */ = {
			isa = PBXFrameworksBuildPhase;
			buildActionMask = 2147483647;
			files = (
			);
			runOnlyForDeploymentPostprocessing = 0;
		};
		122B65B21B4C3B4800519897 /* Frameworks */ = {
			isa = PBXFrameworksBuildPhase;
			buildActionMask = 2147483647;
			files = (
			);
			runOnlyForDeploymentPostprocessing = 0;
		};
/* End PBXFrameworksBuildPhase section */

/* Begin PBXGroup section */
		122B65941B4C3B4800519897 = {
			isa = PBXGroup;
			children = (
				122B659F1B4C3B4800519897 /* sizeClassTest */,
				122B65B81B4C3B4800519897 /* sizeClassTestTests */,
				122B659E1B4C3B4800519897 /* Products */,
			);
			sourceTree = "<group>";
		};
		122B659E1B4C3B4800519897 /* Products */ = {
			isa = PBXGroup;
			children = (
				122B659D1B4C3B4800519897 /* sizeClassTest.app */,
				122B65B51B4C3B4800519897 /* sizeClassTestTests.xctest */,
			);
			name = Products;
			sourceTree = "<group>";
		};
		122B659F1B4C3B4800519897 /* sizeClassTest */ = {
			isa = PBXGroup;
			children = (
				122B65A21B4C3B4800519897 /* AppDelegate.swift */,
				122B65A71B4C3B4800519897 /* ViewController.swift */,
				122B65A91B4C3B4800519897 /* Main.storyboard */,
				122B65AC1B4C3B4800519897 /* Images.xcassets */,
				122B65AE1B4C3B4800519897 /* LaunchScreen.xib */,
				122B65A41B4C3B4800519897 /* sizeClassTest.xcdatamodeld */,
				122B65A01B4C3B4800519897 /* Supporting Files */,
			);
			path = sizeClassTest;
			sourceTree = "<group>";
		};
		122B65A01B4C3B4800519897 /* Supporting Files */ = {
			isa = PBXGroup;
			children = (
				122B65A11B4C3B4800519897 /* Info.plist */,
			);
			name = "Supporting Files";
			sourceTree = "<group>";
		};
		122B65B81B4C3B4800519897 /* sizeClassTestTests */ = {
			isa = PBXGroup;
			children = (
				122B65BB1B4C3B4800519897 /* sizeClassTestTests.swift */,
				122B65B91B4C3B4800519897 /* Supporting Files */,
			);
			path = sizeClassTestTests;
			sourceTree = "<group>";
		};
		122B65B91B4C3B4800519897 /* Supporting Files */ = {
			isa = PBXGroup;
			children = (
				122B65BA1B4C3B4800519897 /* Info.plist */,
			);
			name = "Supporting Files";
			sourceTree = "<group>";
		};
/* End PBXGroup section */

/* Begin PBXNativeTarget section */
		122B659C1B4C3B4800519897 /* sizeClassTest */ = {
			isa = PBXNativeTarget;
			buildConfigurationList = 122B65BF1B4C3B4800519897 /* Build configuration list for PBXNativeTarget "sizeClassTest" */;
			buildPhases = (
				122B65991B4C3B4800519897 /* Sources */,
				122B659A1B4C3B4800519897 /* Frameworks */,
				122B659B1B4C3B4800519897 /* Resources */,
			);
			buildRules = (
			);
			dependencies = (
			);
			name = sizeClassTest;
			productName = sizeClassTest;
			productReference = 122B659D1B4C3B4800519897 /* sizeClassTest.app */;
			productType = "com.apple.product-type.application";
		};
		122B65B41B4C3B4800519897 /* sizeClassTestTests */ = {
			isa = PBXNativeTarget;
			buildConfigurationList = 122B65C21B4C3B4800519897 /* Build configuration list for PBXNativeTarget "sizeClassTestTests" */;
			buildPhases = (
				122B65B11B4C3B4800519897 /* Sources */,
				122B65B21B4C3B4800519897 /* Frameworks */,
				122B65B31B4C3B4800519897 /* Resources */,
			);
			buildRules = (
			);
			dependencies = (
				122B65B71B4C3B4800519897 /* PBXTargetDependency */,
			);
			name = sizeClassTestTests;
			productName = sizeClassTestTests;
			productReference = 122B65B51B4C3B4800519897 /* sizeClassTestTests.xctest */;
			productType = "com.apple.product-type.bundle.unit-test";
		};
/* End PBXNativeTarget section */

/* Begin PBXProject section */
		122B65951B4C3B4800519897 /* Project object */ = {
			isa = PBXProject;
			attributes = {
				LastUpgradeCheck = 0630;
				ORGANIZATIONNAME = "Emerge Media";
				TargetAttributes = {
					122B659C1B4C3B4800519897 = {
						CreatedOnToolsVersion = 6.3.2;
					};
					122B65B41B4C3B4800519897 = {
						CreatedOnToolsVersion = 6.3.2;
						TestTargetID = 122B659C1B4C3B4800519897;
					};
				};
			};
			buildConfigurationList = 122B65981B4C3B4800519897 /* Build configuration list for PBXProject "sizeClassTest" */;
			compatibilityVersion = "Xcode 3.2";
			developmentRegion = English;
			hasScannedForEncodings = 0;
			knownRegions = (
				en,
				Base,
			);
			mainGroup = 122B65941B4C3B4800519897;
			productRefGroup = 122B659E1B4C3B4800519897 /* Products */;
			projectDirPath = "";
			projectRoot = "";
			targets = (
				122B659C1B4C3B4800519897 /* sizeClassTest */,
				122B65B41B4C3B4800519897 /* sizeClassTestTests */,
			);
		};
/* End PBXProject section */

/* Begin PBXResourcesBuildPhase section */
		122B659B1B4C3B4800519897 /* Resources */ = {
			isa = PBXResourcesBuildPhase;
			buildActionMask = 2147483647;
			files = (
				122B65AB1B4C3B4800519897 /* Main.storyboard in Resources */,
				122B65B01B4C3B4800519897 /* LaunchScreen.xib in Resources */,
				122B65AD1B4C3B4800519897 /* Images.xcassets in Resources */,
			);
			runOnlyForDeploymentPostprocessing = 0;
		};
		122B65B31B4C3B4800519897 /* Resources */ = {
			isa = PBXResourcesBuildPhase;
			buildActionMask = 2147483647;
			files = (
			);
			runOnlyForDeploymentPostprocessing = 0;
		};
/* End PBXResourcesBuildPhase section */

/* Begin PBXSourcesBuildPhase section */
		122B65991B4C3B4800519897 /* Sources */ = {
			isa = PBXSourcesBuildPhase;
			buildActionMask = 2147483647;
			files = (
				122B65A81B4C3B4800519897 /* ViewController.swift in Sources */,
				122B65A31B4C3B4800519897 /* AppDelegate.swift in Sources */,
				122B65A61B4C3B4800519897 /* sizeClassTest.xcdatamodeld in Sources */,
			);
			runOnlyForDeploymentPostprocessing = 0;
		};
		122B65B11B4C3B4800519897 /* Sources */ = {
			isa = PBXSourcesBuildPhase;
			buildActionMask = 2147483647;
			files = (
				122B65BC1B4C3B4800519897 /* sizeClassTestTests.swift in Sources */,
			);
			runOnlyForDeploymentPostprocessing = 0;
		};
/* End PBXSourcesBuildPhase section */

/* Begin PBXTargetDependency section */
		122B65B71B4C3B4800519897 /* PBXTargetDependency */ = {
			isa = PBXTargetDependency;
			target = 122B659C1B4C3B4800519897 /* sizeClassTest */;
			targetProxy = 122B65B61B4C3B4800519897 /* PBXContainerItemProxy */;
		};
/* End PBXTargetDependency section */

/* Begin PBXVariantGroup section */
		122B65A91B4C3B4800519897 /* Main.storyboard */ = {
			isa = PBXVariantGroup;
			children = (
				122B65AA1B4C3B4800519897 /* Base */,
			);
			name = Main.storyboard;
			sourceTree = "<group>";
		};
		122B65AE1B4C3B4800519897 /* LaunchScreen.xib */ = {
			isa = PBXVariantGroup;
			children = (
				122B65AF1B4C3B4800519897 /* Base */,
			);
			name = LaunchScreen.xib;
			sourceTree = "<group>";
		};
/* End PBXVariantGroup section */

/* Begin XCBuildConfiguration section */
		122B65BD1B4C3B4800519897 /* Debug */ = {
			isa = XCBuildConfiguration;
			buildSettings = {
				ALWAYS_SEARCH_USER_PATHS = NO;
				CLANG_CXX_LANGUAGE_STANDARD = "gnu++0x";
				CLANG_CXX_LIBRARY = "libc++";
				CLANG_ENABLE_MODULES = YES;
				CLANG_ENABLE_OBJC_ARC = YES;
				CLANG_WARN_BOOL_CONVERSION = YES;
				CLANG_WARN_CONSTANT_CONVERSION = YES;
				CLANG_WARN_DIRECT_OBJC_ISA_USAGE = YES_ERROR;
				CLANG_WARN_EMPTY_BODY = YES;
				CLANG_WARN_ENUM_CONVERSION = YES;
				CLANG_WARN_INT_CONVERSION = YES;
				CLANG_WARN_OBJC_ROOT_CLASS = YES_ERROR;
				CLANG_WARN_UNREACHABLE_CODE = YES;
				CLANG_WARN__DUPLICATE_METHOD_MATCH = YES;
				"CODE_SIGN_IDENTITY[sdk=iphoneos*]" = "iPhone Developer";
				COPY_PHASE_STRIP = NO;
				DEBUG_INFORMATION_FORMAT = "dwarf-with-dsym";
				ENABLE_STRICT_OBJC_MSGSEND = YES;
				GCC_C_LANGUAGE_STANDARD = gnu99;
				GCC_DYNAMIC_NO_PIC = NO;
				GCC_NO_COMMON_BLOCKS = YES;
				GCC_OPTIMIZATION_LEVEL = 0;
				GCC_PREPROCESSOR_DEFINITIONS = (
					"DEBUG=1",
					"$(inherited)",
				);
				GCC_SYMBOLS_PRIVATE_EXTERN = NO;
				GCC_WARN_64_TO_32_BIT_CONVERSION = YES;
				GCC_WARN_ABOUT_RETURN_TYPE = YES_ERROR;
				GCC_WARN_UNDECLARED_SELECTOR = YES;
				GCC_WARN_UNINITIALIZED_AUTOS = YES_AGGRESSIVE;
				GCC_WARN_UNUSED_FUNCTION = YES;
				GCC_WARN_UNUSED_VARIABLE = YES;
				IPHONEOS_DEPLOYMENT_TARGET = 8.3;
				MTL_ENABLE_DEBUG_INFO = YES;
				ONLY_ACTIVE_ARCH = YES;
				SDKROOT = iphoneos;
				SWIFT_OPTIMIZATION_LEVEL = "-Onone";
				TARGETED_DEVICE_FAMILY = "1,2";
			};
			name = Debug;
		};
		122B65BE1B4C3B4800519897 /* Release */ = {
			isa = XCBuildConfiguration;
			buildSettings = {
				ALWAYS_SEARCH_USER_PATHS = NO;
				CLANG_CXX_LANGUAGE_STANDARD = "gnu++0x";
				CLANG_CXX_LIBRARY = "libc++";
				CLANG_ENABLE_MODULES = YES;
				CLANG_ENABLE_OBJC_ARC = YES;
				CLANG_WARN_BOOL_CONVERSION = YES;
				CLANG_WARN_CONSTANT_CONVERSION = YES;
				CLANG_WARN_DIRECT_OBJC_ISA_USAGE = YES_ERROR;
				CLANG_WARN_EMPTY_BODY = YES;
				CLANG_WARN_ENUM_CONVERSION = YES;
				CLANG_WARN_INT_CONVERSION = YES;
				CLANG_WARN_OBJC_ROOT_CLASS = YES_ERROR;
				CLANG_WARN_UNREACHABLE_CODE = YES;
				CLANG_WARN__DUPLICATE_METHOD_MATCH = YES;
				"CODE_SIGN_IDENTITY[sdk=iphoneos*]" = "iPhone Developer";
				COPY_PHASE_STRIP = NO;
				DEBUG_INFORMATION_FORMAT = "dwarf-with-dsym";
				ENABLE_NS_ASSERTIONS = NO;
				ENABLE_STRICT_OBJC_MSGSEND = YES;
				GCC_C_LANGUAGE_STANDARD = gnu99;
				GCC_NO_COMMON_BLOCKS = YES;
				GCC_WARN_64_TO_32_BIT_CONVERSION = YES;
				GCC_WARN_ABOUT_RETURN_TYPE = YES_ERROR;
				GCC_WARN_UNDECLARED_SELECTOR = YES;
				GCC_WARN_UNINITIALIZED_AUTOS = YES_AGGRESSIVE;
				GCC_WARN_UNUSED_FUNCTION = YES;
				GCC_WARN_UNUSED_VARIABLE = YES;
				IPHONEOS_DEPLOYMENT_TARGET = 8.3;
				MTL_ENABLE_DEBUG_INFO = NO;
				SDKROOT = iphoneos;
				TARGETED_DEVICE_FAMILY = "1,2";
				VALIDATE_PRODUCT = YES;
			};
			name = Release;
		};
		122B65C01B4C3B4800519897 /* Debug */ = {
			isa = XCBuildConfiguration;
			buildSettings = {
				ASSETCATALOG_COMPILER_APPICON_NAME = AppIcon;
				INFOPLIST_FILE = sizeClassTest/Info.plist;
				LD_RUNPATH_SEARCH_PATHS = "$(inherited) @executable_path/Frameworks";
				PRODUCT_NAME = "$(TARGET_NAME)";
			};
			name = Debug;
		};
		122B65C11B4C3B4800519897 /* Release */ = {
			isa = XCBuildConfiguration;
			buildSettings = {
				ASSETCATALOG_COMPILER_APPICON_NAME = AppIcon;
				INFOPLIST_FILE = sizeClassTest/Info.plist;
				LD_RUNPATH_SEARCH_PATHS = "$(inherited) @executable_path/Frameworks";
				PRODUCT_NAME = "$(TARGET_NAME)";
			};
			name = Release;
		};
		122B65C31B4C3B4800519897 /* Debug */ = {
			isa = XCBuildConfiguration;
			buildSettings = {
				BUNDLE_LOADER = "$(TEST_HOST)";
				FRAMEWORK_SEARCH_PATHS = (
					"$(SDKROOT)/Developer/Library/Frameworks",
					"$(inherited)",
				);
				GCC_PREPROCESSOR_DEFINITIONS = (
					"DEBUG=1",
					"$(inherited)",
				);
				INFOPLIST_FILE = sizeClassTestTests/Info.plist;
				LD_RUNPATH_SEARCH_PATHS = "$(inherited) @executable_path/Frameworks @loader_path/Frameworks";
				PRODUCT_NAME = "$(TARGET_NAME)";
				TEST_HOST = "$(BUILT_PRODUCTS_DIR)/sizeClassTest.app/sizeClassTest";
			};
			name = Debug;
		};
		122B65C41B4C3B4800519897 /* Release */ = {
			isa = XCBuildConfiguration;
			buildSettings = {
				BUNDLE_LOADER = "$(TEST_HOST)";
				FRAMEWORK_SEARCH_PATHS = (
					"$(SDKROOT)/Developer/Library/Frameworks",
					"$(inherited)",
				);
				INFOPLIST_FILE = sizeClassTestTests/Info.plist;
				LD_RUNPATH_SEARCH_PATHS = "$(inherited) @executable_path/Frameworks @loader_path/Frameworks";
				PRODUCT_NAME = "$(TARGET_NAME)";
				TEST_HOST = "$(BUILT_PRODUCTS_DIR)/sizeClassTest.app/sizeClassTest";
			};
			name = Release;
		};
/* End XCBuildConfiguration section */

/* Begin XCConfigurationList section */
		122B65981B4C3B4800519897 /* Build configuration list for PBXProject "sizeClassTest" */ = {
			isa = XCConfigurationList;
			buildConfigurations = (
				122B65BD1B4C3B4800519897 /* Debug */,
				122B65BE1B4C3B4800519897 /* Release */,
			);
			defaultConfigurationIsVisible = 0;
			defaultConfigurationName = Release;
		};
		122B65BF1B4C3B4800519897 /* Build configuration list for PBXNativeTarget "sizeClassTest" */ = {
			isa = XCConfigurationList;
			buildConfigurations = (
				122B65C01B4C3B4800519897 /* Debug */,
				122B65C11B4C3B4800519897 /* Release */,
			);
			defaultConfigurationIsVisible = 0;
		};
		122B65C21B4C3B4800519897 /* Build configuration list for PBXNativeTarget "sizeClassTestTests" */ = {
			isa = XCConfigurationList;
			buildConfigurations = (
				122B65C31B4C3B4800519897 /* Debug */,
				122B65C41B4C3B4800519897 /* Release */,
			);
			defaultConfigurationIsVisible = 0;
		};
/* End XCConfigurationList section */

/* Begin XCVersionGroup section */
		122B65A41B4C3B4800519897 /* sizeClassTest.xcdatamodeld */ = {
			isa = XCVersionGroup;
			children = (
				122B65A51B4C3B4800519897 /* sizeClassTest.xcdatamodel */,
			);
			currentVersion = 122B65A51B4C3B4800519897 /* sizeClassTest.xcdatamodel */;
			path = sizeClassTest.xcdatamodeld;
			sourceTree = "<group>";
			versionGroupType = wrapper.xcdatamodel;
		};
/* End XCVersionGroup section */
	};
	rootObject = 122B65951B4C3B4800519897 /* Project object */;
}
